// !$*UTF8*$!
{
	archiveVersion = 1;
	classes = {
	};
	objectVersion = 46;
	objects = {

/* Begin PBXFileReference section */
		E41C5ABF1D1CE07000B5143F /* src */ = {isa = PBXFileReference; lastKnownFileType = folder; path = src; sourceTree = "<group>"; };
		E41C5AC01D1CE08200B5143F /* editor */ = {isa = PBXFileReference; lastKnownFileType = folder; path = editor; sourceTree = "<group>"; };
		E42640AB1D2C71FE0022702E /* index.js */ = {isa = PBXFileReference; lastKnownFileType = sourcecode.javascript; path = index.js; sourceTree = "<group>"; };
		E457510F1D33001000E93372 /* main.js */ = {isa = PBXFileReference; lastKnownFileType = sourcecode.javascript; path = main.js; sourceTree = "<group>"; };
		E45751111D33001000E93372 /* style.css */ = {isa = PBXFileReference; lastKnownFileType = text.css; path = style.css; sourceTree = "<group>"; };
		E4D095C41D341FE200BD4705 /* preview.css */ = {isa = PBXFileReference; lastKnownFileType = text.css; path = preview.css; sourceTree = "<group>"; };
		E4D095C51D34697E00BD4705 /* preview.html */ = {isa = PBXFileReference; lastKnownFileType = text.html; path = preview.html; sourceTree = "<group>"; };
		E4D095C61D34759100BD4705 /* preview.js */ = {isa = PBXFileReference; lastKnownFileType = sourcecode.javascript; path = preview.js; sourceTree = "<group>"; };
		E4D095C71D34854B00BD4705 /* js */ = {isa = PBXFileReference; lastKnownFileType = folder; path = js; sourceTree = "<group>"; };
		E4EE05731D29BADF00964AFA /* package.json */ = {isa = PBXFileReference; lastKnownFileType = text.json; path = package.json; sourceTree = "<group>"; };
		E4EE05741D29BC3E00964AFA /* server.js */ = {isa = PBXFileReference; lastKnownFileType = sourcecode.javascript; path = server.js; sourceTree = "<group>"; };
		E4EE05751D29BFA700964AFA /* index.html */ = {isa = PBXFileReference; lastKnownFileType = text.html; path = index.html; sourceTree = "<group>"; };
/* End PBXFileReference section */

/* Begin PBXGroup section */
		E457C6831CEB9D6D00BFBE0D = {
			isa = PBXGroup;
			children = (
				E41C5AC01D1CE08200B5143F /* editor */,
				E41C5ABF1D1CE07000B5143F /* src */,
				E4D095C71D34854B00BD4705 /* js */,
				E4EE05731D29BADF00964AFA /* package.json */,
				E4EE05741D29BC3E00964AFA /* server.js */,
				E4EE05751D29BFA700964AFA /* index.html */,
				E42640AB1D2C71FE0022702E /* index.js */,
				E457510F1D33001000E93372 /* main.js */,
				E45751111D33001000E93372 /* style.css */,
				E4D095C51D34697E00BD4705 /* preview.html */,
				E4D095C61D34759100BD4705 /* preview.js */,
				E4D095C41D341FE200BD4705 /* preview.css */,
			);
			sourceTree = "<group>";
		};
/* End PBXGroup section */

/* Begin PBXLegacyTarget section */
		E457C6971CEB9E0E00BFBE0D /* shader-graph */ = {
			isa = PBXLegacyTarget;
			buildArgumentsString = "run build";
			buildConfigurationList = E457C6981CEB9E0E00BFBE0D /* Build configuration list for PBXLegacyTarget "shader-graph" */;
			buildPhases = (
			);
			buildToolPath = npm;
			buildWorkingDirectory = "$(SRCROOT)";
			dependencies = (
			);
			name = "shader-graph";
			passBuildSettingsInEnvironment = 0;
			productName = Demo;
		};
/* End PBXLegacyTarget section */

/* Begin PBXProject section */
		E457C6841CEB9D6D00BFBE0D /* Project object */ = {
			isa = PBXProject;
			attributes = {
				LastUpgradeCheck = 0730;
				TargetAttributes = {
					E457C6971CEB9E0E00BFBE0D = {
						CreatedOnToolsVersion = 7.3;
					};
				};
			};
			buildConfigurationList = E457C6871CEB9D6D00BFBE0D /* Build configuration list for PBXProject "shader-graph" */;
			compatibilityVersion = "Xcode 3.2";
			developmentRegion = English;
			hasScannedForEncodings = 0;
			knownRegions = (
				en,
			);
			mainGroup = E457C6831CEB9D6D00BFBE0D;
			projectDirPath = "";
			projectRoot = "";
			targets = (
				E457C6971CEB9E0E00BFBE0D /* shader-graph */,
			);
		};
/* End PBXProject section */

/* Begin XCBuildConfiguration section */
		E457C6881CEB9D6D00BFBE0D /* Debug */ = {
			isa = XCBuildConfiguration;
			buildSettings = {
			};
			name = Debug;
		};
		E457C6891CEB9D6D00BFBE0D /* Release */ = {
			isa = XCBuildConfiguration;
			buildSettings = {
			};
			name = Release;
		};
		E457C6991CEB9E0E00BFBE0D /* Debug */ = {
			isa = XCBuildConfiguration;
			buildSettings = {
				ALWAYS_SEARCH_USER_PATHS = NO;
				CLANG_ANALYZER_NONNULL = YES;
				CLANG_CXX_LANGUAGE_STANDARD = "gnu++0x";
				CLANG_CXX_LIBRARY = "libc++";
				CLANG_ENABLE_MODULES = YES;
				CLANG_ENABLE_OBJC_ARC = YES;
				CLANG_WARN_BOOL_CONVERSION = YES;
				CLANG_WARN_CONSTANT_CONVERSION = YES;
				CLANG_WARN_DIRECT_OBJC_ISA_USAGE = YES_ERROR;
				CLANG_WARN_EMPTY_BODY = YES;
				CLANG_WARN_ENUM_CONVERSION = YES;
				CLANG_WARN_INT_CONVERSION = YES;
				CLANG_WARN_OBJC_ROOT_CLASS = YES_ERROR;
				CLANG_WARN_UNREACHABLE_CODE = YES;
				CLANG_WARN__DUPLICATE_METHOD_MATCH = YES;
				COPY_PHASE_STRIP = NO;
				DEBUGGING_SYMBOLS = YES;
				DEBUG_INFORMATION_FORMAT = dwarf;
				ENABLE_STRICT_OBJC_MSGSEND = YES;
				ENABLE_TESTABILITY = YES;
				GCC_C_LANGUAGE_STANDARD = gnu99;
				GCC_DYNAMIC_NO_PIC = NO;
				GCC_GENERATE_DEBUGGING_SYMBOLS = YES;
				GCC_NO_COMMON_BLOCKS = YES;
				GCC_OPTIMIZATION_LEVEL = 0;
				GCC_PREPROCESSOR_DEFINITIONS = (
					"DEBUG=1",
					"$(inherited)",
				);
				GCC_WARN_64_TO_32_BIT_CONVERSION = YES;
				GCC_WARN_ABOUT_RETURN_TYPE = YES_ERROR;
				GCC_WARN_UNDECLARED_SELECTOR = YES;
				GCC_WARN_UNINITIALIZED_AUTOS = YES_AGGRESSIVE;
				GCC_WARN_UNUSED_FUNCTION = YES;
				GCC_WARN_UNUSED_VARIABLE = YES;
				MTL_ENABLE_DEBUG_INFO = YES;
				ONLY_ACTIVE_ARCH = YES;
				OTHER_CFLAGS = "";
				OTHER_LDFLAGS = "";
				PRODUCT_NAME = "$(TARGET_NAME)";
			};
			name = Debug;
		};
		E457C69A1CEB9E0E00BFBE0D /* Release */ = {
			isa = XCBuildConfiguration;
			buildSettings = {
				ALWAYS_SEARCH_USER_PATHS = NO;
				CLANG_ANALYZER_NONNULL = YES;
				CLANG_CXX_LANGUAGE_STANDARD = "gnu++0x";
				CLANG_CXX_LIBRARY = "libc++";
				CLANG_ENABLE_MODULES = YES;
				CLANG_ENABLE_OBJC_ARC = YES;
				CLANG_WARN_BOOL_CONVERSION = YES;
				CLANG_WARN_CONSTANT_CONVERSION = YES;
				CLANG_WARN_DIRECT_OBJC_ISA_USAGE = YES_ERROR;
				CLANG_WARN_EMPTY_BODY = YES;
				CLANG_WARN_ENUM_CONVERSION = YES;
				CLANG_WARN_INT_CONVERSION = YES;
				CLANG_WARN_OBJC_ROOT_CLASS = YES_ERROR;
				CLANG_WARN_UNREACHABLE_CODE = YES;
				CLANG_WARN__DUPLICATE_METHOD_MATCH = YES;
				COPY_PHASE_STRIP = NO;
				DEBUG_INFORMATION_FORMAT = "dwarf-with-dsym";
				ENABLE_NS_ASSERTIONS = NO;
				ENABLE_STRICT_OBJC_MSGSEND = YES;
				GCC_C_LANGUAGE_STANDARD = gnu99;
				GCC_NO_COMMON_BLOCKS = YES;
				GCC_WARN_64_TO_32_BIT_CONVERSION = YES;
				GCC_WARN_ABOUT_RETURN_TYPE = YES_ERROR;
				GCC_WARN_UNDECLARED_SELECTOR = YES;
				GCC_WARN_UNINITIALIZED_AUTOS = YES_AGGRESSIVE;
				GCC_WARN_UNUSED_FUNCTION = YES;
				GCC_WARN_UNUSED_VARIABLE = YES;
				MTL_ENABLE_DEBUG_INFO = NO;
				OTHER_CFLAGS = "";
				OTHER_LDFLAGS = "";
				PRODUCT_NAME = "$(TARGET_NAME)";
			};
			name = Release;
		};
/* End XCBuildConfiguration section */

/* Begin XCConfigurationList section */
		E457C6871CEB9D6D00BFBE0D /* Build configuration list for PBXProject "shader-graph" */ = {
			isa = XCConfigurationList;
			buildConfigurations = (
				E457C6881CEB9D6D00BFBE0D /* Debug */,
				E457C6891CEB9D6D00BFBE0D /* Release */,
			);
			defaultConfigurationIsVisible = 0;
			defaultConfigurationName = Release;
		};
		E457C6981CEB9E0E00BFBE0D /* Build configuration list for PBXLegacyTarget "shader-graph" */ = {
			isa = XCConfigurationList;
			buildConfigurations = (
				E457C6991CEB9E0E00BFBE0D /* Debug */,
				E457C69A1CEB9E0E00BFBE0D /* Release */,
			);
			defaultConfigurationIsVisible = 0;
			defaultConfigurationName = Release;
		};
/* End XCConfigurationList section */
	};
	rootObject = E457C6841CEB9D6D00BFBE0D /* Project object */;
}
